{
  "name": "@carbonenginejs/format-webgpu",
  "version": "0.2.0",
  "lockfileVersion": 3,
  "requires": true,
  "packages": {
    "": {
      "name": "@carbonenginejs/format-webgpu",
      "version": "0.2.0",
      "license": "MIT",
      "dependencies": {
        "@carbonenginejs/format-dxbc": "^0.1.1",
        "@carbonenginejs/format-hlsl": "^0.1.1"
      },
      "engines": {
        "node": ">=18"
      }
    },
    "node_modules/@carbonenginejs/format-dxbc": {
      "version": "0.1.1",
      "resolved": "https://registry.npmjs.org/@carbonenginejs/format-dxbc/-/format-dxbc-0.1.1.tgz",
      "integrity": "sha512-h0Ljc9ai0dsivQZRRtNIbbmlx2xH5jCC47zn57eOyHsWuByWAUagEtQGR/NslKzmyzlWNFpMkUl/qqeyN8sjIw==",
      "license": "MIT",
      "engines": {
        "node": ">=18"
      }
    },
    "node_modules/@carbonenginejs/format-hlsl": {
      "version": "0.1.1",
      "resolved": "https://registry.npmjs.org/@carbonenginejs/format-hlsl/-/format-hlsl-0.1.1.tgz",
      "integrity": "sha512-j/ReYgtzmqu0SRIlgOq6jJjtS4zhIp9agvi6ZjrDc8HijwUvTs623mFCBY9Z5HA6j9L07ipE6r7N7BLfghCj1g==",
      "license": "MIT",
      "engines": {
        "node": ">=18"
      }
    }
  }
}
