{
  "name": "@carbonenginejs/format-webgpu",
  "version": "0.5.0",
  "lockfileVersion": 3,
  "requires": true,
  "packages": {
    "": {
      "name": "@carbonenginejs/format-webgpu",
      "version": "0.5.0",
      "license": "MIT",
      "dependencies": {
        "@carbonenginejs/format-dxbc": "^0.1.4",
        "@carbonenginejs/format-hlsl": "^0.1.8"
      },
      "engines": {
        "node": ">=18"
      }
    },
    "node_modules/@carbonenginejs/format-dxbc": {
      "version": "0.1.4",
      "resolved": "https://registry.npmjs.org/@carbonenginejs/format-dxbc/-/format-dxbc-0.1.4.tgz",
      "integrity": "sha512-dmk2t8fLwp6aUPY7Cfzi7r4ophCH85Ch2KVJdugzumJBrUMJ0UjZNGtlNnxQGj9J+6g/7Og1TuV48pVOeEosmA==",
      "license": "MIT",
      "engines": {
        "node": ">=18"
      }
    },
    "node_modules/@carbonenginejs/format-hlsl": {
      "version": "0.1.8",
      "resolved": "https://registry.npmjs.org/@carbonenginejs/format-hlsl/-/format-hlsl-0.1.8.tgz",
      "integrity": "sha512-BcecFx9uud7fYiqbtIux1CJYoUrJ51wLRUcJXIl2RMdopBVdxKCb8kB57gNIJ4YVHGfEafGd5PkJNRO7Oo1BIA==",
      "license": "MIT",
      "bin": {
        "format-hlsl": "bin/format-hlsl.js"
      },
      "engines": {
        "node": ">=18"
      }
    }
  }
}
